
Microsoft Visual Studio Solution File, Format Version 12.00
# Visual Studio Version 16
VisualStudioVersion = 16.0.34601.136
MinimumVisualStudioVersion = 10.0.40219.1
Project("{FAE04EC0-301F-11D3-BF4B-00C04F79EFBC}") = "Transcription.Service", "Transcription.Service\Transcription.Service.csproj", "{2AC716BC-F036-48A0-9939-06924DC24CA4}"
EndProject
Project("{9A19103F-16F7-4668-BE54-9A1E7A4F7556}") = "Transcription.Scheduler", "Transcription.Scheduler\Transcription.Scheduler.csproj", "{185889F0-1823-449B-A450-F00DC3349319}"
EndProject
Global
	GlobalSection(SolutionConfigurationPlatforms) = preSolution
		Debug|Any CPU = Debug|Any CPU
		Release|Any CPU = Release|Any CPU
	EndGlobalSection
	GlobalSection(ProjectConfigurationPlatforms) = postSolution
		{2AC716BC-F036-48A0-9939-06924DC24CA4}.Debug|Any CPU.ActiveCfg = Debug|Any CPU
		{2AC716BC-F036-48A0-9939-06924DC24CA4}.Debug|Any CPU.Build.0 = Debug|Any CPU
		{2AC716BC-F036-48A0-9939-06924DC24CA4}.Release|Any CPU.ActiveCfg = Release|Any CPU
		{2AC716BC-F036-48A0-9939-06924DC24CA4}.Release|Any CPU.Build.0 = Release|Any CPU
		{185889F0-1823-449B-A450-F00DC3349319}.Debug|Any CPU.ActiveCfg = Debug|Any CPU
		{185889F0-1823-449B-A450-F00DC3349319}.Debug|Any CPU.Build.0 = Debug|Any CPU
		{185889F0-1823-449B-A450-F00DC3349319}.Release|Any CPU.ActiveCfg = Release|Any CPU
		{185889F0-1823-449B-A450-F00DC3349319}.Release|Any CPU.Build.0 = Release|Any CPU
	EndGlobalSection
	GlobalSection(SolutionProperties) = preSolution
		HideSolutionNode = FALSE
	EndGlobalSection
	GlobalSection(ExtensibilityGlobals) = postSolution
		SolutionGuid = {B0C92CD8-3A01-4FE2-9D50-731ECE0F05D3}
	EndGlobalSection
EndGlobal
